{
  "version": 4,
  "terraform_version": "1.14.9",
  "serial": 7,
  "lineage": "9b208118-9891-5d90-f4b3-ac644669881f",
  "outputs": {},
  "resources": [
    {
      "mode": "data",
      "type": "oci_identity_availability_domains",
      "name": "ads",
      "provider": "provider[\"registry.terraform.io/hashicorp/oci\"]",
      "instances": [
        {
          "schema_version": 0,
          "attributes": {
            "availability_domains": [
              {
                "compartment_id": "ocid1.tenancy.oc1..aaaaaaaaxzmrykpvvlwosjd6odl5isfshe5mevdafhjcemrurw7mmapym5ua",
                "id": "ocid1.availabilitydomain.oc1..aaaaaaaaqnfxrjivkxya4njkefe2dgbfwua6mxpvzhqal6zzekgsvjchoyjq",
                "name": "aPWY:AP-MUMBAI-1-AD-1"
              }
            ],
            "compartment_id": "ocid1.tenancy.oc1..aaaaaaaaxzmrykpvvlwosjd6odl5isfshe5mevdafhjcemrurw7mmapym5ua",
            "filter": null,
            "id": "IdentityAvailabilityDomainsDataSource-1464202118"
          },
          "sensitive_attributes": [],
          "identity_schema_version": 0
        }
      ]
    },
    {
      "mode": "managed",
      "type": "oci_core_instance",
      "name": "autocare_instance",
      "provider": "provider[\"registry.terraform.io/hashicorp/oci\"]",
      "instances": [
        {
          "schema_version": 0,
          "attributes": {
            "agent_config": [
              {
                "are_all_plugins_disabled": false,
                "is_management_disabled": false,
                "is_monitoring_disabled": false,
                "plugins_config": []
              }
            ],
            "async": null,
            "availability_config": [
              {
                "is_live_migration_preferred": false,
                "recovery_action": "RESTORE_INSTANCE"
              }
            ],
            "availability_domain": "aPWY:AP-MUMBAI-1-AD-1",
            "boot_volume_id": "ocid1.bootvolume.oc1.ap-mumbai-1.abrg6ljrbp7jrkd6tjuuycbcn72p6olvcj2ndhexfje2rkzih6m64cdmurka",
            "capacity_reservation_id": null,
            "cluster_placement_group_id": null,
            "compartment_id": "ocid1.tenancy.oc1..aaaaaaaaxzmrykpvvlwosjd6odl5isfshe5mevdafhjcemrurw7mmapym5ua",
            "compute_cluster_id": null,
            "create_vnic_details": [
              {
                "assign_ipv6ip": false,
                "assign_private_dns_record": false,
                "assign_public_ip": "true",
                "defined_tags": {},
                "display_name": "primaryvnic",
                "freeform_tags": {},
                "hostname_label": "primaryvnic",
                "ipv6address_ipv6subnet_cidr_pair_details": [],
                "nsg_ids": [],
                "private_ip": "10.0.1.253",
                "private_ip_id": "",
                "security_attributes": {},
                "skip_source_dest_check": false,
                "subnet_cidr": "",
                "subnet_id": "ocid1.subnet.oc1.ap-mumbai-1.aaaaaaaahddrj5kxf433z455axb3xks5mkhl6p3siokuyr4w3rxbuxqq3kvq",
                "vlan_id": ""
              }
            ],
            "dedicated_vm_host_id": null,
            "defined_tags": {},
            "display_name": "AutoCareServer",
            "extended_metadata": {},
            "fault_domain": "FAULT-DOMAIN-2",
            "freeform_tags": {},
            "hostname_label": "primaryvnic",
            "id": "ocid1.instance.oc1.ap-mumbai-1.anrg6ljrtvt7b4ickwpw4e2wector2xcsqywu7anavbaozdyvjhhjk2a2m3q",
            "image": "ocid1.image.oc1.ap-mumbai-1.aaaaaaaa3yc7aswdetryjk6knfe5zlex6opdvab5oazebaebst5zri3ocxcq",
            "instance_configuration_id": null,
            "instance_options": [
              {
                "are_legacy_imds_endpoints_disabled": false
              }
            ],
            "ipxe_script": null,
            "is_ai_enterprise_enabled": null,
            "is_cross_numa_node": false,
            "is_pv_encryption_in_transit_enabled": null,
            "launch_mode": "PARAVIRTUALIZED",
            "launch_options": [
              {
                "boot_volume_type": "PARAVIRTUALIZED",
                "firmware": "UEFI_64",
                "is_consistent_volume_naming_enabled": true,
                "is_pv_encryption_in_transit_enabled": false,
                "network_type": "PARAVIRTUALIZED",
                "remote_data_volume_type": "PARAVIRTUALIZED"
              }
            ],
            "launch_volume_attachments": null,
            "licensing_configs": [],
            "metadata": {
              "ssh_authorized_keys": "ssh-rsa AAAAB3NzaC1yc2EAAAADAQABAAACAQDVWC3zP8Nq/2uV03xpMgJUFayAYCWwx8RIImc6r7nSY4ExKv4uJT4wqEvzABSEaQmPKZp6XR4pwWx/zBxPi2rqEWDYisrfSD1hmGvo2wf5KcYD09rc0fjt6wdJnzvccqoqiHaIffbbG2883/zKYbSWRU6rDcF84cWzC1b0X39rJvRl06S4sA0I0I2XRjMt3UgKStvZNNYKeEMz8DCXA+alU+tN2AJGgwGp8i1+LITelNm1E8F2H9ipn02kWdOhu7h7HaYwDnXIx6p5Ekayyz+5ZBU2dZEbDKjNF2JinqG49JXEeFGS/q14vsyuhgP07xlMNPR2q2Qh65bFhkr+/EHkMxBYzG+LQ6PqgnKMmaVGIAzLzhNmVT3YfPO5cXP+9NHlOzHeufqU9yvLlY1L+sUhbUtRcXQZyyilbB/XSITvrcjfOnveRa/YTfGvxVul4WRMWDMjQX58mGr/W92+NHgDrZ7Q//qH6YCgyHxB3c/Kpou+BHDxUO8GCJWlMT2A206gnX7KpgLqUHNBErNGMTgm6ngNzKLe7XWRuKrO6pB6pIshQLWiF1Cqiw2NDnQyBWnc8/Wh1DJZgwSPqq4flb3CAnfQoX1m28yGHaiecWoODQw6rVJPr5Le9+1Na9FAhlQIWFhajhm8nQojamG+enebmRCIkaDhA2UXJCmzvqxQUw== user@DESKTOP-UR6Q97I\r\n"
            },
            "placement_constraint_details": [],
            "platform_config": [],
            "preemptible_instance_config": [],
            "preserve_boot_volume": null,
            "preserve_data_volumes_created_at_launch": null,
            "private_ip": "10.0.1.253",
            "public_ip": "161.118.183.119",
            "region": "ap-mumbai-1",
            "security_attributes": {},
            "security_attributes_state": "STABLE",
            "shape": "VM.Standard.E2.1.Micro",
            "shape_config": [
              {
                "baseline_ocpu_utilization": "",
                "gpu_description": "",
                "gpus": 0,
                "local_disk_description": "",
                "local_disks": 0,
                "local_disks_total_size_in_gbs": 0,
                "max_vnic_attachments": 1,
                "memory_in_gbs": 1,
                "networking_bandwidth_in_gbps": 0.47999998927116394,
                "nvmes": 0,
                "ocpus": 1,
                "processor_description": "2.0 GHz AMD EPYC™ 7551 (Naples)",
                "resource_management": "",
                "vcpus": 2
              }
            ],
            "source_details": [
              {
                "boot_volume_size_in_gbs": "47",
                "boot_volume_vpus_per_gb": "10",
                "instance_source_image_filter_details": [],
                "is_preserve_boot_volume_enabled": false,
                "kms_key_id": "",
                "source_id": "ocid1.image.oc1.ap-mumbai-1.aaaaaaaa3yc7aswdetryjk6knfe5zlex6opdvab5oazebaebst5zri3ocxcq",
                "source_type": "image"
              }
            ],
            "state": "RUNNING",
            "subnet_id": "ocid1.subnet.oc1.ap-mumbai-1.aaaaaaaahddrj5kxf433z455axb3xks5mkhl6p3siokuyr4w3rxbuxqq3kvq",
            "system_tags": {
              "orcl-cloud.free-tier-retained": "true"
            },
            "time_created": "2026-04-21 16:33:54.111 +0000 UTC",
            "time_maintenance_reboot_due": "",
            "timeouts": null,
            "update_operation_constraint": null
          },
          "sensitive_attributes": [],
          "identity_schema_version": 0,
          "private": "eyJlMmJmYjczMC1lY2FhLTExZTYtOGY4OC0zNDM2M2JjN2M0YzAiOnsiY3JlYXRlIjoyNzAwMDAwMDAwMDAwLCJkZWxldGUiOjQ1MDAwMDAwMDAwMDAsInVwZGF0ZSI6MjcwMDAwMDAwMDAwMH19",
          "dependencies": [
            "data.oci_identity_availability_domains.ads",
            "oci_core_internet_gateway.autocare_ig",
            "oci_core_route_table.autocare_rt",
            "oci_core_subnet.autocare_subnet",
            "oci_core_vcn.autocare_vcn"
          ]
        }
      ]
    },
    {
      "mode": "managed",
      "type": "oci_core_internet_gateway",
      "name": "autocare_ig",
      "provider": "provider[\"registry.terraform.io/hashicorp/oci\"]",
      "instances": [
        {
          "schema_version": 0,
          "attributes": {
            "compartment_id": "ocid1.tenancy.oc1..aaaaaaaaxzmrykpvvlwosjd6odl5isfshe5mevdafhjcemrurw7mmapym5ua",
            "defined_tags": {},
            "display_name": "AutoCareIG",
            "enabled": true,
            "freeform_tags": {},
            "id": "ocid1.internetgateway.oc1.ap-mumbai-1.aaaaaaaaww3cz5pyg6ly5nvaa4tksb6lwpvggpzov3o6e6ajyrtamqvh6yfa",
            "route_table_id": null,
            "state": "AVAILABLE",
            "time_created": "2026-04-21 16:33:48.816 +0000 UTC",
            "timeouts": null,
            "vcn_id": "ocid1.vcn.oc1.ap-mumbai-1.amaaaaaatvt7b4iarhmnf5yf25b3wtp45uw7zsykmt7s65uqgpkmz32wxz6a"
          },
          "sensitive_attributes": [],
          "identity_schema_version": 0,
          "private": "eyJlMmJmYjczMC1lY2FhLTExZTYtOGY4OC0zNDM2M2JjN2M0YzAiOnsiY3JlYXRlIjoxMjAwMDAwMDAwMDAwLCJkZWxldGUiOjEyMDAwMDAwMDAwMDAsInVwZGF0ZSI6MTIwMDAwMDAwMDAwMH19",
          "dependencies": [
            "oci_core_vcn.autocare_vcn"
          ]
        }
      ]
    },
    {
      "mode": "managed",
      "type": "oci_core_route_table",
      "name": "autocare_rt",
      "provider": "provider[\"registry.terraform.io/hashicorp/oci\"]",
      "instances": [
        {
          "schema_version": 0,
          "attributes": {
            "compartment_id": "ocid1.tenancy.oc1..aaaaaaaaxzmrykpvvlwosjd6odl5isfshe5mevdafhjcemrurw7mmapym5ua",
            "defined_tags": {},
            "display_name": "AutoCareRouteTable",
            "freeform_tags": {},
            "id": "ocid1.routetable.oc1.ap-mumbai-1.aaaaaaaaqxq4vhxlcwnrt3ykzwc5h3tlqjj4ih6b5dcogmkrul5nn555wura",
            "route_rules": [
              {
                "cidr_block": "",
                "description": "",
                "destination": "0.0.0.0/0",
                "destination_type": "CIDR_BLOCK",
                "network_entity_id": "ocid1.internetgateway.oc1.ap-mumbai-1.aaaaaaaaww3cz5pyg6ly5nvaa4tksb6lwpvggpzov3o6e6ajyrtamqvh6yfa",
                "route_type": "STATIC"
              }
            ],
            "state": "AVAILABLE",
            "time_created": "2026-04-21 16:33:49.455 +0000 UTC",
            "timeouts": null,
            "vcn_id": "ocid1.vcn.oc1.ap-mumbai-1.amaaaaaatvt7b4iarhmnf5yf25b3wtp45uw7zsykmt7s65uqgpkmz32wxz6a"
          },
          "sensitive_attributes": [],
          "identity_schema_version": 0,
          "private": "eyJlMmJmYjczMC1lY2FhLTExZTYtOGY4OC0zNDM2M2JjN2M0YzAiOnsiY3JlYXRlIjoxMjAwMDAwMDAwMDAwLCJkZWxldGUiOjEyMDAwMDAwMDAwMDAsInVwZGF0ZSI6MTIwMDAwMDAwMDAwMH19",
          "dependencies": [
            "oci_core_internet_gateway.autocare_ig",
            "oci_core_vcn.autocare_vcn"
          ]
        }
      ]
    },
    {
      "mode": "managed",
      "type": "oci_core_security_list",
      "name": "autocare_sl",
      "provider": "provider[\"registry.terraform.io/hashicorp/oci\"]",
      "instances": [
        {
          "schema_version": 0,
          "attributes": {
            "compartment_id": "ocid1.tenancy.oc1..aaaaaaaaxzmrykpvvlwosjd6odl5isfshe5mevdafhjcemrurw7mmapym5ua",
            "defined_tags": {},
            "display_name": "AutoCareSecurityList",
            "egress_security_rules": [
              {
                "description": "",
                "destination": "0.0.0.0/0",
                "destination_type": "CIDR_BLOCK",
                "icmp_options": [],
                "protocol": "all",
                "stateless": false,
                "tcp_options": [],
                "udp_options": []
              }
            ],
            "freeform_tags": {},
            "id": "ocid1.securitylist.oc1.ap-mumbai-1.aaaaaaaalvmks4rmt7r2pzk4hovs3tuvynhs4syp6epemap5gtuq2e3v4i6a",
            "ingress_security_rules": [
              {
                "description": "",
                "icmp_options": [],
                "protocol": "6",
                "source": "0.0.0.0/0",
                "source_type": "CIDR_BLOCK",
                "stateless": false,
                "tcp_options": [
                  {
                    "max": 22,
                    "min": 22,
                    "source_port_range": []
                  }
                ],
                "udp_options": []
              },
              {
                "description": "",
                "icmp_options": [],
                "protocol": "6",
                "source": "0.0.0.0/0",
                "source_type": "CIDR_BLOCK",
                "stateless": false,
                "tcp_options": [
                  {
                    "max": 8080,
                    "min": 8080,
                    "source_port_range": []
                  }
                ],
                "udp_options": []
              }
            ],
            "state": "AVAILABLE",
            "time_created": "2026-04-21 16:33:49.204 +0000 UTC",
            "timeouts": null,
            "vcn_id": "ocid1.vcn.oc1.ap-mumbai-1.amaaaaaatvt7b4iarhmnf5yf25b3wtp45uw7zsykmt7s65uqgpkmz32wxz6a"
          },
          "sensitive_attributes": [],
          "identity_schema_version": 0,
          "private": "eyJlMmJmYjczMC1lY2FhLTExZTYtOGY4OC0zNDM2M2JjN2M0YzAiOnsiY3JlYXRlIjoxMjAwMDAwMDAwMDAwLCJkZWxldGUiOjEyMDAwMDAwMDAwMDAsInVwZGF0ZSI6MTIwMDAwMDAwMDAwMH19",
          "dependencies": [
            "oci_core_vcn.autocare_vcn"
          ]
        }
      ]
    },
    {
      "mode": "managed",
      "type": "oci_core_subnet",
      "name": "autocare_subnet",
      "provider": "provider[\"registry.terraform.io/hashicorp/oci\"]",
      "instances": [
        {
          "schema_version": 0,
          "attributes": {
            "availability_domain": null,
            "cidr_block": "10.0.1.0/24",
            "compartment_id": "ocid1.tenancy.oc1..aaaaaaaaxzmrykpvvlwosjd6odl5isfshe5mevdafhjcemrurw7mmapym5ua",
            "defined_tags": {},
            "dhcp_options_id": "ocid1.dhcpoptions.oc1.ap-mumbai-1.aaaaaaaa5i4cexi34vi2bd4nsqhktur42fovyvznultpzlvdubwugw5qjp3a",
            "display_name": "AutoCareSubnet",
            "dns_label": "autocaresubnet",
            "freeform_tags": {},
            "id": "ocid1.subnet.oc1.ap-mumbai-1.aaaaaaaahddrj5kxf433z455axb3xks5mkhl6p3siokuyr4w3rxbuxqq3kvq",
            "ipv4cidr_blocks": [
              "10.0.1.0/24"
            ],
            "ipv6cidr_block": null,
            "ipv6cidr_blocks": [],
            "ipv6virtual_router_ip": null,
            "prohibit_internet_ingress": false,
            "prohibit_public_ip_on_vnic": false,
            "route_table_id": "ocid1.routetable.oc1.ap-mumbai-1.aaaaaaaaqxq4vhxlcwnrt3ykzwc5h3tlqjj4ih6b5dcogmkrul5nn555wura",
            "security_list_ids": [
              "ocid1.securitylist.oc1.ap-mumbai-1.aaaaaaaayv3ktwitvjiwada6szbjj3h4zwwat2hymaiuao2sg2hmevg23cqa"
            ],
            "state": "AVAILABLE",
            "subnet_domain_name": "autocaresubnet.autocarevcn.oraclevcn.com",
            "time_created": "2026-04-21 16:33:50.219 +0000 UTC",
            "timeouts": null,
            "vcn_id": "ocid1.vcn.oc1.ap-mumbai-1.amaaaaaatvt7b4iarhmnf5yf25b3wtp45uw7zsykmt7s65uqgpkmz32wxz6a",
            "virtual_router_ip": "10.0.1.1",
            "virtual_router_mac": "00:00:17:DF:1B:18"
          },
          "sensitive_attributes": [],
          "identity_schema_version": 0,
          "private": "eyJlMmJmYjczMC1lY2FhLTExZTYtOGY4OC0zNDM2M2JjN2M0YzAiOnsiY3JlYXRlIjoxMjAwMDAwMDAwMDAwLCJkZWxldGUiOjEyMDAwMDAwMDAwMDAsInVwZGF0ZSI6MTIwMDAwMDAwMDAwMH19",
          "dependencies": [
            "oci_core_internet_gateway.autocare_ig",
            "oci_core_route_table.autocare_rt",
            "oci_core_vcn.autocare_vcn"
          ]
        }
      ]
    },
    {
      "mode": "managed",
      "type": "oci_core_vcn",
      "name": "autocare_vcn",
      "provider": "provider[\"registry.terraform.io/hashicorp/oci\"]",
      "instances": [
        {
          "schema_version": 0,
          "attributes": {
            "byoipv6cidr_blocks": [],
            "byoipv6cidr_details": [],
            "cidr_block": "10.0.0.0/16",
            "cidr_blocks": [
              "10.0.0.0/16"
            ],
            "compartment_id": "ocid1.tenancy.oc1..aaaaaaaaxzmrykpvvlwosjd6odl5isfshe5mevdafhjcemrurw7mmapym5ua",
            "default_dhcp_options_id": "ocid1.dhcpoptions.oc1.ap-mumbai-1.aaaaaaaa5i4cexi34vi2bd4nsqhktur42fovyvznultpzlvdubwugw5qjp3a",
            "default_route_table_id": "ocid1.routetable.oc1.ap-mumbai-1.aaaaaaaabgcswwl7tqsusyxtk6icij3aqae7jwxjigpqvigqzkfgf7d4ayoq",
            "default_security_list_id": "ocid1.securitylist.oc1.ap-mumbai-1.aaaaaaaayv3ktwitvjiwada6szbjj3h4zwwat2hymaiuao2sg2hmevg23cqa",
            "defined_tags": {},
            "display_name": "AutoCareVCN",
            "dns_label": "autocarevcn",
            "freeform_tags": {},
            "id": "ocid1.vcn.oc1.ap-mumbai-1.amaaaaaatvt7b4iarhmnf5yf25b3wtp45uw7zsykmt7s65uqgpkmz32wxz6a",
            "ipv6cidr_blocks": [],
            "ipv6private_cidr_blocks": [],
            "is_ipv6enabled": false,
            "is_oracle_gua_allocation_enabled": null,
            "security_attributes": {},
            "state": "AVAILABLE",
            "time_created": "2026-04-21 16:33:47.74 +0000 UTC",
            "timeouts": null,
            "vcn_domain_name": "autocarevcn.oraclevcn.com"
          },
          "sensitive_attributes": [],
          "identity_schema_version": 0,
          "private": "eyJlMmJmYjczMC1lY2FhLTExZTYtOGY4OC0zNDM2M2JjN2M0YzAiOnsiY3JlYXRlIjoxMjAwMDAwMDAwMDAwLCJkZWxldGUiOjEyMDAwMDAwMDAwMDAsInVwZGF0ZSI6MTIwMDAwMDAwMDAwMH19"
        }
      ]
    }
  ],
  "check_results": null
}
